// !$*UTF8*$!
{
	archiveVersion = 1;
	classes = {
	};
	objectVersion = 50;
	objects = {

/* Begin PBXBuildFile section */
		290A3EF4246AF7350081AB8F /* AppDelegate.swift in Sources */ = {isa = PBXBuildFile; fileRef = 290A3EF3246AF7350081AB8F /* AppDelegate.swift */; };
		290A3EF6246AF7350081AB8F /* SceneDelegate.swift in Sources */ = {isa = PBXBuildFile; fileRef = 290A3EF5246AF7350081AB8F /* SceneDelegate.swift */; };
		290A3EF8246AF7350081AB8F /* ViewController.swift in Sources */ = {isa = PBXBuildFile; fileRef = 290A3EF7246AF7350081AB8F /* ViewController.swift */; };
		290A3EFB246AF7350081AB8F /* Main.storyboard in Resources */ = {isa = PBXBuildFile; fileRef = 290A3EF9246AF7350081AB8F /* Main.storyboard */; };
		290A3EFD246AF73D0081AB8F /* Assets.xcassets in Resources */ = {isa = PBXBuildFile; fileRef = 290A3EFC246AF73D0081AB8F /* Assets.xcassets */; };
		290A3F00246AF73D0081AB8F /* LaunchScreen.storyboard in Resources */ = {isa = PBXBuildFile; fileRef = 290A3EFE246AF73D0081AB8F /* LaunchScreen.storyboard */; };
		290A3F0B246AF73E0081AB8F /* Teste_MarvelTests.swift in Sources */ = {isa = PBXBuildFile; fileRef = 290A3F0A246AF73E0081AB8F /* Teste_MarvelTests.swift */; };
		290A3F16246AF73E0081AB8F /* Teste_MarvelUITests.swift in Sources */ = {isa = PBXBuildFile; fileRef = 290A3F15246AF73E0081AB8F /* Teste_MarvelUITests.swift */; };
/* End PBXBuildFile section */

/* Begin PBXContainerItemProxy section */
		290A3F07246AF73E0081AB8F /* PBXContainerItemProxy */ = {
			isa = PBXContainerItemProxy;
			containerPortal = 290A3EE8246AF7340081AB8F /* Project object */;
			proxyType = 1;
			remoteGlobalIDString = 290A3EEF246AF7340081AB8F;
			remoteInfo = Teste_Marvel;
		};
		290A3F12246AF73E0081AB8F /* PBXContainerItemProxy */ = {
			isa = PBXContainerItemProxy;
			containerPortal = 290A3EE8246AF7340081AB8F /* Project object */;
			proxyType = 1;
			remoteGlobalIDString = 290A3EEF246AF7340081AB8F;
			remoteInfo = Teste_Marvel;
		};
/* End PBXContainerItemProxy section */

/* Begin PBXFileReference section */
		290A3EF0246AF7340081AB8F /* Teste_Marvel.app */ = {isa = PBXFileReference; explicitFileType = wrapper.application; includeInIndex = 0; path = Teste_Marvel.app; sourceTree = BUILT_PRODUCTS_DIR; };
		290A3EF3246AF7350081AB8F /* AppDelegate.swift */ = {isa = PBXFileReference; lastKnownFileType = sourcecode.swift; path = AppDelegate.swift; sourceTree = "<group>"; };
		290A3EF5246AF7350081AB8F /* SceneDelegate.swift */ = {isa = PBXFileReference; lastKnownFileType = sourcecode.swift; path = SceneDelegate.swift; sourceTree = "<group>"; };
		290A3EF7246AF7350081AB8F /* ViewController.swift */ = {isa = PBXFileReference; lastKnownFileType = sourcecode.swift; path = ViewController.swift; sourceTree = "<group>"; };
		290A3EFA246AF7350081AB8F /* Base */ = {isa = PBXFileReference; lastKnownFileType = file.storyboard; name = Base; path = Base.lproj/Main.storyboard; sourceTree = "<group>"; };
		290A3EFC246AF73D0081AB8F /* Assets.xcassets */ = {isa = PBXFileReference; lastKnownFileType = folder.assetcatalog; path = Assets.xcassets; sourceTree = "<group>"; };
		290A3EFF246AF73D0081AB8F /* Base */ = {isa = PBXFileReference; lastKnownFileType = file.storyboard; name = Base; path = Base.lproj/LaunchScreen.storyboard; sourceTree = "<group>"; };
		290A3F01246AF73D0081AB8F /* Info.plist */ = {isa = PBXFileReference; lastKnownFileType = text.plist.xml; path = Info.plist; sourceTree = "<group>"; };
		290A3F06246AF73E0081AB8F /* Teste_MarvelTests.xctest */ = {isa = PBXFileReference; explicitFileType = wrapper.cfbundle; includeInIndex = 0; path = Teste_MarvelTests.xctest; sourceTree = BUILT_PRODUCTS_DIR; };
		290A3F0A246AF73E0081AB8F /* Teste_MarvelTests.swift */ = {isa = PBXFileReference; lastKnownFileType = sourcecode.swift; path = Teste_MarvelTests.swift; sourceTree = "<group>"; };
		290A3F0C246AF73E0081AB8F /* Info.plist */ = {isa = PBXFileReference; lastKnownFileType = text.plist.xml; path = Info.plist; sourceTree = "<group>"; };
		290A3F11246AF73E0081AB8F /* Teste_MarvelUITests.xctest */ = {isa = PBXFileReference; explicitFileType = wrapper.cfbundle; includeInIndex = 0; path = Teste_MarvelUITests.xctest; sourceTree = BUILT_PRODUCTS_DIR; };
		290A3F15246AF73E0081AB8F /* Teste_MarvelUITests.swift */ = {isa = PBXFileReference; lastKnownFileType = sourcecode.swift; path = Teste_MarvelUITests.swift; sourceTree = "<group>"; };
		290A3F17246AF73E0081AB8F /* Info.plist */ = {isa = PBXFileReference; lastKnownFileType = text.plist.xml; path = Info.plist; sourceTree = "<group>"; };
/* End PBXFileReference section */

/* Begin PBXFrameworksBuildPhase section */
		290A3EED246AF7340081AB8F /* Frameworks */ = {
			isa = PBXFrameworksBuildPhase;
			buildActionMask = 2147483647;
			files = (
			);
			runOnlyForDeploymentPostprocessing = 0;
		};
		290A3F03246AF73E0081AB8F /* Frameworks */ = {
			isa = PBXFrameworksBuildPhase;
			buildActionMask = 2147483647;
			files = (
			);
			runOnlyForDeploymentPostprocessing = 0;
		};
		290A3F0E246AF73E0081AB8F /* Frameworks */ = {
			isa = PBXFrameworksBuildPhase;
			buildActionMask = 2147483647;
			files = (
			);
			runOnlyForDeploymentPostprocessing = 0;
		};
/* End PBXFrameworksBuildPhase section */

/* Begin PBXGroup section */
		290A3EE7246AF7340081AB8F = {
			isa = PBXGroup;
			children = (
				290A3EF2246AF7350081AB8F /* Teste_Marvel */,
				290A3F09246AF73E0081AB8F /* Teste_MarvelTests */,
				290A3F14246AF73E0081AB8F /* Teste_MarvelUITests */,
				290A3EF1246AF7340081AB8F /* Products */,
			);
			sourceTree = "<group>";
		};
		290A3EF1246AF7340081AB8F /* Products */ = {
			isa = PBXGroup;
			children = (
				290A3EF0246AF7340081AB8F /* Teste_Marvel.app */,
				290A3F06246AF73E0081AB8F /* Teste_MarvelTests.xctest */,
				290A3F11246AF73E0081AB8F /* Teste_MarvelUITests.xctest */,
			);
			name = Products;
			sourceTree = "<group>";
		};
		290A3EF2246AF7350081AB8F /* Teste_Marvel */ = {
			isa = PBXGroup;
			children = (
				290A3EF3246AF7350081AB8F /* AppDelegate.swift */,
				290A3EF5246AF7350081AB8F /* SceneDelegate.swift */,
				290A3EF7246AF7350081AB8F /* ViewController.swift */,
				290A3EF9246AF7350081AB8F /* Main.storyboard */,
				290A3EFC246AF73D0081AB8F /* Assets.xcassets */,
				290A3EFE246AF73D0081AB8F /* LaunchScreen.storyboard */,
				290A3F01246AF73D0081AB8F /* Info.plist */,
			);
			path = Teste_Marvel;
			sourceTree = "<group>";
		};
		290A3F09246AF73E0081AB8F /* Teste_MarvelTests */ = {
			isa = PBXGroup;
			children = (
				290A3F0A246AF73E0081AB8F /* Teste_MarvelTests.swift */,
				290A3F0C246AF73E0081AB8F /* Info.plist */,
			);
			path = Teste_MarvelTests;
			sourceTree = "<group>";
		};
		290A3F14246AF73E0081AB8F /* Teste_MarvelUITests */ = {
			isa = PBXGroup;
			children = (
				290A3F15246AF73E0081AB8F /* Teste_MarvelUITests.swift */,
				290A3F17246AF73E0081AB8F /* Info.plist */,
			);
			path = Teste_MarvelUITests;
			sourceTree = "<group>";
		};
/* End PBXGroup section */

/* Begin PBXNativeTarget section */
		290A3EEF246AF7340081AB8F /* Teste_Marvel */ = {
			isa = PBXNativeTarget;
			buildConfigurationList = 290A3F1A246AF73E0081AB8F /* Build configuration list for PBXNativeTarget "Teste_Marvel" */;
			buildPhases = (
				290A3EEC246AF7340081AB8F /* Sources */,
				290A3EED246AF7340081AB8F /* Frameworks */,
				290A3EEE246AF7340081AB8F /* Resources */,
			);
			buildRules = (
			);
			dependencies = (
			);
			name = Teste_Marvel;
			productName = Teste_Marvel;
			productReference = 290A3EF0246AF7340081AB8F /* Teste_Marvel.app */;
			productType = "com.apple.product-type.application";
		};
		290A3F05246AF73E0081AB8F /* Teste_MarvelTests */ = {
			isa = PBXNativeTarget;
			buildConfigurationList = 290A3F1D246AF73E0081AB8F /* Build configuration list for PBXNativeTarget "Teste_MarvelTests" */;
			buildPhases = (
				290A3F02246AF73E0081AB8F /* Sources */,
				290A3F03246AF73E0081AB8F /* Frameworks */,
				290A3F04246AF73E0081AB8F /* Resources */,
			);
			buildRules = (
			);
			dependencies = (
				290A3F08246AF73E0081AB8F /* PBXTargetDependency */,
			);
			name = Teste_MarvelTests;
			productName = Teste_MarvelTests;
			productReference = 290A3F06246AF73E0081AB8F /* Teste_MarvelTests.xctest */;
			productType = "com.apple.product-type.bundle.unit-test";
		};
		290A3F10246AF73E0081AB8F /* Teste_MarvelUITests */ = {
			isa = PBXNativeTarget;
			buildConfigurationList = 290A3F20246AF73E0081AB8F /* Build configuration list for PBXNativeTarget "Teste_MarvelUITests" */;
			buildPhases = (
				290A3F0D246AF73E0081AB8F /* Sources */,
				290A3F0E246AF73E0081AB8F /* Frameworks */,
				290A3F0F246AF73E0081AB8F /* Resources */,
			);
			buildRules = (
			);
			dependencies = (
				290A3F13246AF73E0081AB8F /* PBXTargetDependency */,
			);
			name = Teste_MarvelUITests;
			productName = Teste_MarvelUITests;
			productReference = 290A3F11246AF73E0081AB8F /* Teste_MarvelUITests.xctest */;
			productType = "com.apple.product-type.bundle.ui-testing";
		};
/* End PBXNativeTarget section */

/* Begin PBXProject section */
		290A3EE8246AF7340081AB8F /* Project object */ = {
			isa = PBXProject;
			attributes = {
				LastSwiftUpdateCheck = 1140;
				LastUpgradeCheck = 1140;
				ORGANIZATIONNAME = "ZM System";
				TargetAttributes = {
					290A3EEF246AF7340081AB8F = {
						CreatedOnToolsVersion = 11.4.1;
					};
					290A3F05246AF73E0081AB8F = {
						CreatedOnToolsVersion = 11.4.1;
						TestTargetID = 290A3EEF246AF7340081AB8F;
					};
					290A3F10246AF73E0081AB8F = {
						CreatedOnToolsVersion = 11.4.1;
						TestTargetID = 290A3EEF246AF7340081AB8F;
					};
				};
			};
			buildConfigurationList = 290A3EEB246AF7340081AB8F /* Build configuration list for PBXProject "Teste_Marvel" */;
			compatibilityVersion = "Xcode 9.3";
			developmentRegion = en;
			hasScannedForEncodings = 0;
			knownRegions = (
				en,
				Base,
			);
			mainGroup = 290A3EE7246AF7340081AB8F;
			productRefGroup = 290A3EF1246AF7340081AB8F /* Products */;
			projectDirPath = "";
			projectRoot = "";
			targets = (
				290A3EEF246AF7340081AB8F /* Teste_Marvel */,
				290A3F05246AF73E0081AB8F /* Teste_MarvelTests */,
				290A3F10246AF73E0081AB8F /* Teste_MarvelUITests */,
			);
		};
/* End PBXProject section */

/* Begin PBXResourcesBuildPhase section */
		290A3EEE246AF7340081AB8F /* Resources */ = {
			isa = PBXResourcesBuildPhase;
			buildActionMask = 2147483647;
			files = (
				290A3F00246AF73D0081AB8F /* LaunchScreen.storyboard in Resources */,
				290A3EFD246AF73D0081AB8F /* Assets.xcassets in Resources */,
				290A3EFB246AF7350081AB8F /* Main.storyboard in Resources */,
			);
			runOnlyForDeploymentPostprocessing = 0;
		};
		290A3F04246AF73E0081AB8F /* Resources */ = {
			isa = PBXResourcesBuildPhase;
			buildActionMask = 2147483647;
			files = (
			);
			runOnlyForDeploymentPostprocessing = 0;
		};
		290A3F0F246AF73E0081AB8F /* Resources */ = {
			isa = PBXResourcesBuildPhase;
			buildActionMask = 2147483647;
			files = (
			);
			runOnlyForDeploymentPostprocessing = 0;
		};
/* End PBXResourcesBuildPhase section */

/* Begin PBXSourcesBuildPhase section */
		290A3EEC246AF7340081AB8F /* Sources */ = {
			isa = PBXSourcesBuildPhase;
			buildActionMask = 2147483647;
			files = (
				290A3EF8246AF7350081AB8F /* ViewController.swift in Sources */,
				290A3EF4246AF7350081AB8F /* AppDelegate.swift in Sources */,
				290A3EF6246AF7350081AB8F /* SceneDelegate.swift in Sources */,
			);
			runOnlyForDeploymentPostprocessing = 0;
		};
		290A3F02246AF73E0081AB8F /* Sources */ = {
			isa = PBXSourcesBuildPhase;
			buildActionMask = 2147483647;
			files = (
				290A3F0B246AF73E0081AB8F /* Teste_MarvelTests.swift in Sources */,
			);
			runOnlyForDeploymentPostprocessing = 0;
		};
		290A3F0D246AF73E0081AB8F /* Sources */ = {
			isa = PBXSourcesBuildPhase;
			buildActionMask = 2147483647;
			files = (
				290A3F16246AF73E0081AB8F /* Teste_MarvelUITests.swift in Sources */,
			);
			runOnlyForDeploymentPostprocessing = 0;
		};
/* End PBXSourcesBuildPhase section */

/* Begin PBXTargetDependency section */
		290A3F08246AF73E0081AB8F /* PBXTargetDependency */ = {
			isa = PBXTargetDependency;
			target = 290A3EEF246AF7340081AB8F /* Teste_Marvel */;
			targetProxy = 290A3F07246AF73E0081AB8F /* PBXContainerItemProxy */;
		};
		290A3F13246AF73E0081AB8F /* PBXTargetDependency */ = {
			isa = PBXTargetDependency;
			target = 290A3EEF246AF7340081AB8F /* Teste_Marvel */;
			targetProxy = 290A3F12246AF73E0081AB8F /* PBXContainerItemProxy */;
		};
/* End PBXTargetDependency section */

/* Begin PBXVariantGroup section */
		290A3EF9246AF7350081AB8F /* Main.storyboard */ = {
			isa = PBXVariantGroup;
			children = (
				290A3EFA246AF7350081AB8F /* Base */,
			);
			name = Main.storyboard;
			sourceTree = "<group>";
		};
		290A3EFE246AF73D0081AB8F /* LaunchScreen.storyboard */ = {
			isa = PBXVariantGroup;
			children = (
				290A3EFF246AF73D0081AB8F /* Base */,
			);
			name = LaunchScreen.storyboard;
			sourceTree = "<group>";
		};
/* End PBXVariantGroup section */

/* Begin XCBuildConfiguration section */
		290A3F18246AF73E0081AB8F /* Debug */ = {
			isa = XCBuildConfiguration;
			buildSettings = {
				ALWAYS_SEARCH_USER_PATHS = NO;
				CLANG_ANALYZER_NONNULL = YES;
				CLANG_ANALYZER_NUMBER_OBJECT_CONVERSION = YES_AGGRESSIVE;
				CLANG_CXX_LANGUAGE_STANDARD = "gnu++14";
				CLANG_CXX_LIBRARY = "libc++";
				CLANG_ENABLE_MODULES = YES;
				CLANG_ENABLE_OBJC_ARC = YES;
				CLANG_ENABLE_OBJC_WEAK = YES;
				CLANG_WARN_BLOCK_CAPTURE_AUTORELEASING = YES;
				CLANG_WARN_BOOL_CONVERSION = YES;
				CLANG_WARN_COMMA = YES;
				CLANG_WARN_CONSTANT_CONVERSION = YES;
				CLANG_WARN_DEPRECATED_OBJC_IMPLEMENTATIONS = YES;
				CLANG_WARN_DIRECT_OBJC_ISA_USAGE = YES_ERROR;
				CLANG_WARN_DOCUMENTATION_COMMENTS = YES;
				CLANG_WARN_EMPTY_BODY = YES;
				CLANG_WARN_ENUM_CONVERSION = YES;
				CLANG_WARN_INFINITE_RECURSION = YES;
				CLANG_WARN_INT_CONVERSION = YES;
				CLANG_WARN_NON_LITERAL_NULL_CONVERSION = YES;
				CLANG_WARN_OBJC_IMPLICIT_RETAIN_SELF = YES;
				CLANG_WARN_OBJC_LITERAL_CONVERSION = YES;
				CLANG_WARN_OBJC_ROOT_CLASS = YES_ERROR;
				CLANG_WARN_RANGE_LOOP_ANALYSIS = YES;
				CLANG_WARN_STRICT_PROTOTYPES = YES;
				CLANG_WARN_SUSPICIOUS_MOVE = YES;
				CLANG_WARN_UNGUARDED_AVAILABILITY = YES_AGGRESSIVE;
				CLANG_WARN_UNREACHABLE_CODE = YES;
				CLANG_WARN__DUPLICATE_METHOD_MATCH = YES;
				COPY_PHASE_STRIP = NO;
				DEBUG_INFORMATION_FORMAT = dwarf;
				ENABLE_STRICT_OBJC_MSGSEND = YES;
				ENABLE_TESTABILITY = YES;
				GCC_C_LANGUAGE_STANDARD = gnu11;
				GCC_DYNAMIC_NO_PIC = NO;
				GCC_NO_COMMON_BLOCKS = YES;
				GCC_OPTIMIZATION_LEVEL = 0;
				GCC_PREPROCESSOR_DEFINITIONS = (
					"DEBUG=1",
					"$(inherited)",
				);
				GCC_WARN_64_TO_32_BIT_CONVERSION = YES;
				GCC_WARN_ABOUT_RETURN_TYPE = YES_ERROR;
				GCC_WARN_UNDECLARED_SELECTOR = YES;
				GCC_WARN_UNINITIALIZED_AUTOS = YES_AGGRESSIVE;
				GCC_WARN_UNUSED_FUNCTION = YES;
				GCC_WARN_UNUSED_VARIABLE = YES;
				IPHONEOS_DEPLOYMENT_TARGET = 13.4;
				MTL_ENABLE_DEBUG_INFO = INCLUDE_SOURCE;
				MTL_FAST_MATH = YES;
				ONLY_ACTIVE_ARCH = YES;
				SDKROOT = iphoneos;
				SWIFT_ACTIVE_COMPILATION_CONDITIONS = DEBUG;
				SWIFT_OPTIMIZATION_LEVEL = "-Onone";
			};
			name = Debug;
		};
		290A3F19246AF73E0081AB8F /* Release */ = {
			isa = XCBuildConfiguration;
			buildSettings = {
				ALWAYS_SEARCH_USER_PATHS = NO;
				CLANG_ANALYZER_NONNULL = YES;
				CLANG_ANALYZER_NUMBER_OBJECT_CONVERSION = YES_AGGRESSIVE;
				CLANG_CXX_LANGUAGE_STANDARD = "gnu++14";
				CLANG_CXX_LIBRARY = "libc++";
				CLANG_ENABLE_MODULES = YES;
				CLANG_ENABLE_OBJC_ARC = YES;
				CLANG_ENABLE_OBJC_WEAK = YES;
				CLANG_WARN_BLOCK_CAPTURE_AUTORELEASING = YES;
				CLANG_WARN_BOOL_CONVERSION = YES;
				CLANG_WARN_COMMA = YES;
				CLANG_WARN_CONSTANT_CONVERSION = YES;
				CLANG_WARN_DEPRECATED_OBJC_IMPLEMENTATIONS = YES;
				CLANG_WARN_DIRECT_OBJC_ISA_USAGE = YES_ERROR;
				CLANG_WARN_DOCUMENTATION_COMMENTS = YES;
				CLANG_WARN_EMPTY_BODY = YES;
				CLANG_WARN_ENUM_CONVERSION = YES;
				CLANG_WARN_INFINITE_RECURSION = YES;
				CLANG_WARN_INT_CONVERSION = YES;
				CLANG_WARN_NON_LITERAL_NULL_CONVERSION = YES;
				CLANG_WARN_OBJC_IMPLICIT_RETAIN_SELF = YES;
				CLANG_WARN_OBJC_LITERAL_CONVERSION = YES;
				CLANG_WARN_OBJC_ROOT_CLASS = YES_ERROR;
				CLANG_WARN_RANGE_LOOP_ANALYSIS = YES;
				CLANG_WARN_STRICT_PROTOTYPES = YES;
				CLANG_WARN_SUSPICIOUS_MOVE = YES;
				CLANG_WARN_UNGUARDED_AVAILABILITY = YES_AGGRESSIVE;
				CLANG_WARN_UNREACHABLE_CODE = YES;
				CLANG_WARN__DUPLICATE_METHOD_MATCH = YES;
				COPY_PHASE_STRIP = NO;
				DEBUG_INFORMATION_FORMAT = "dwarf-with-dsym";
				ENABLE_NS_ASSERTIONS = NO;
				ENABLE_STRICT_OBJC_MSGSEND = YES;
				GCC_C_LANGUAGE_STANDARD = gnu11;
				GCC_NO_COMMON_BLOCKS = YES;
				GCC_WARN_64_TO_32_BIT_CONVERSION = YES;
				GCC_WARN_ABOUT_RETURN_TYPE = YES_ERROR;
				GCC_WARN_UNDECLARED_SELECTOR = YES;
				GCC_WARN_UNINITIALIZED_AUTOS = YES_AGGRESSIVE;
				GCC_WARN_UNUSED_FUNCTION = YES;
				GCC_WARN_UNUSED_VARIABLE = YES;
				IPHONEOS_DEPLOYMENT_TARGET = 13.4;
				MTL_ENABLE_DEBUG_INFO = NO;
				MTL_FAST_MATH = YES;
				SDKROOT = iphoneos;
				SWIFT_COMPILATION_MODE = wholemodule;
				SWIFT_OPTIMIZATION_LEVEL = "-O";
				VALIDATE_PRODUCT = YES;
			};
			name = Release;
		};
		290A3F1B246AF73E0081AB8F /* Debug */ = {
			isa = XCBuildConfiguration;
			buildSettings = {
				ASSETCATALOG_COMPILER_APPICON_NAME = AppIcon;
				CODE_SIGN_STYLE = Automatic;
				DEVELOPMENT_TEAM = T82DAH755N;
				INFOPLIST_FILE = Teste_Marvel/Info.plist;
				LD_RUNPATH_SEARCH_PATHS = (
					"$(inherited)",
					"@executable_path/Frameworks",
				);
				PRODUCT_BUNDLE_IDENTIFIER = "com.zmsystem.Teste-Marvel";
				PRODUCT_NAME = "$(TARGET_NAME)";
				SWIFT_VERSION = 5.0;
				TARGETED_DEVICE_FAMILY = 1;
			};
			name = Debug;
		};
		290A3F1C246AF73E0081AB8F /* Release */ = {
			isa = XCBuildConfiguration;
			buildSettings = {
				ASSETCATALOG_COMPILER_APPICON_NAME = AppIcon;
				CODE_SIGN_STYLE = Automatic;
				DEVELOPMENT_TEAM = T82DAH755N;
				INFOPLIST_FILE = Teste_Marvel/Info.plist;
				LD_RUNPATH_SEARCH_PATHS = (
					"$(inherited)",
					"@executable_path/Frameworks",
				);
				PRODUCT_BUNDLE_IDENTIFIER = "com.zmsystem.Teste-Marvel";
				PRODUCT_NAME = "$(TARGET_NAME)";
				SWIFT_VERSION = 5.0;
				TARGETED_DEVICE_FAMILY = 1;
			};
			name = Release;
		};
		290A3F1E246AF73E0081AB8F /* Debug */ = {
			isa = XCBuildConfiguration;
			buildSettings = {
				ALWAYS_EMBED_SWIFT_STANDARD_LIBRARIES = YES;
				BUNDLE_LOADER = "$(TEST_HOST)";
				CODE_SIGN_STYLE = Automatic;
				DEVELOPMENT_TEAM = T82DAH755N;
				INFOPLIST_FILE = Teste_MarvelTests/Info.plist;
				IPHONEOS_DEPLOYMENT_TARGET = 13.4;
				LD_RUNPATH_SEARCH_PATHS = (
					"$(inherited)",
					"@executable_path/Frameworks",
					"@loader_path/Frameworks",
				);
				PRODUCT_BUNDLE_IDENTIFIER = "com.zmsystem.Teste-MarvelTests";
				PRODUCT_NAME = "$(TARGET_NAME)";
				SWIFT_VERSION = 5.0;
				TARGETED_DEVICE_FAMILY = "1,2";
				TEST_HOST = "$(BUILT_PRODUCTS_DIR)/Teste_Marvel.app/Teste_Marvel";
			};
			name = Debug;
		};
		290A3F1F246AF73E0081AB8F /* Release */ = {
			isa = XCBuildConfiguration;
			buildSettings = {
				ALWAYS_EMBED_SWIFT_STANDARD_LIBRARIES = YES;
				BUNDLE_LOADER = "$(TEST_HOST)";
				CODE_SIGN_STYLE = Automatic;
				DEVELOPMENT_TEAM = T82DAH755N;
				INFOPLIST_FILE = Teste_MarvelTests/Info.plist;
				IPHONEOS_DEPLOYMENT_TARGET = 13.4;
				LD_RUNPATH_SEARCH_PATHS = (
					"$(inherited)",
					"@executable_path/Frameworks",
					"@loader_path/Frameworks",
				);
				PRODUCT_BUNDLE_IDENTIFIER = "com.zmsystem.Teste-MarvelTests";
				PRODUCT_NAME = "$(TARGET_NAME)";
				SWIFT_VERSION = 5.0;
				TARGETED_DEVICE_FAMILY = "1,2";
				TEST_HOST = "$(BUILT_PRODUCTS_DIR)/Teste_Marvel.app/Teste_Marvel";
			};
			name = Release;
		};
		290A3F21246AF73E0081AB8F /* Debug */ = {
			isa = XCBuildConfiguration;
			buildSettings = {
				ALWAYS_EMBED_SWIFT_STANDARD_LIBRARIES = YES;
				CODE_SIGN_STYLE = Automatic;
				DEVELOPMENT_TEAM = T82DAH755N;
				INFOPLIST_FILE = Teste_MarvelUITests/Info.plist;
				LD_RUNPATH_SEARCH_PATHS = (
					"$(inherited)",
					"@executable_path/Frameworks",
					"@loader_path/Frameworks",
				);
				PRODUCT_BUNDLE_IDENTIFIER = "com.zmsystem.Teste-MarvelUITests";
				PRODUCT_NAME = "$(TARGET_NAME)";
				SWIFT_VERSION = 5.0;
				TARGETED_DEVICE_FAMILY = "1,2";
				TEST_TARGET_NAME = Teste_Marvel;
			};
			name = Debug;
		};
		290A3F22246AF73E0081AB8F /* Release */ = {
			isa = XCBuildConfiguration;
			buildSettings = {
				ALWAYS_EMBED_SWIFT_STANDARD_LIBRARIES = YES;
				CODE_SIGN_STYLE = Automatic;
				DEVELOPMENT_TEAM = T82DAH755N;
				INFOPLIST_FILE = Teste_MarvelUITests/Info.plist;
				LD_RUNPATH_SEARCH_PATHS = (
					"$(inherited)",
					"@executable_path/Frameworks",
					"@loader_path/Frameworks",
				);
				PRODUCT_BUNDLE_IDENTIFIER = "com.zmsystem.Teste-MarvelUITests";
				PRODUCT_NAME = "$(TARGET_NAME)";
				SWIFT_VERSION = 5.0;
				TARGETED_DEVICE_FAMILY = "1,2";
				TEST_TARGET_NAME = Teste_Marvel;
			};
			name = Release;
		};
/* End XCBuildConfiguration section */

/* Begin XCConfigurationList section */
		290A3EEB246AF7340081AB8F /* Build configuration list for PBXProject "Teste_Marvel" */ = {
			isa = XCConfigurationList;
			buildConfigurations = (
				290A3F18246AF73E0081AB8F /* Debug */,
				290A3F19246AF73E0081AB8F /* Release */,
			);
			defaultConfigurationIsVisible = 0;
			defaultConfigurationName = Release;
		};
		290A3F1A246AF73E0081AB8F /* Build configuration list for PBXNativeTarget "Teste_Marvel" */ = {
			isa = XCConfigurationList;
			buildConfigurations = (
				290A3F1B246AF73E0081AB8F /* Debug */,
				290A3F1C246AF73E0081AB8F /* Release */,
			);
			defaultConfigurationIsVisible = 0;
			defaultConfigurationName = Release;
		};
		290A3F1D246AF73E0081AB8F /* Build configuration list for PBXNativeTarget "Teste_MarvelTests" */ = {
			isa = XCConfigurationList;
			buildConfigurations = (
				290A3F1E246AF73E0081AB8F /* Debug */,
				290A3F1F246AF73E0081AB8F /* Release */,
			);
			defaultConfigurationIsVisible = 0;
			defaultConfigurationName = Release;
		};
		290A3F20246AF73E0081AB8F /* Build configuration list for PBXNativeTarget "Teste_MarvelUITests" */ = {
			isa = XCConfigurationList;
			buildConfigurations = (
				290A3F21246AF73E0081AB8F /* Debug */,
				290A3F22246AF73E0081AB8F /* Release */,
			);
			defaultConfigurationIsVisible = 0;
			defaultConfigurationName = Release;
		};
/* End XCConfigurationList section */
	};
	rootObject = 290A3EE8246AF7340081AB8F /* Project object */;
}
